dependencies:
  espressif/cmake_utilities:
    component_hash: 351350613ceafba240b761b4ea991e0f231ac7a9f59a9ee901f751bddc0bb18f
    dependencies:
    - name: idf
      require: private
      version: '>=4.1'
    source:
      registry_url: https://components.espressif.com
      type: service
    version: 0.5.3
  espressif/esp_lcd_st7796:
    component_hash: c37b10363125eb3b4757d509392ffca963c27262b61939fdb49a7b18eeef975c
    dependencies:
    - name: espressif/cmake_utilities
      registry_url: https://components.espressif.com
      require: private
      version: 0.*
    - name: idf
      require: private
      version: '>=4.4'
    source:
      registry_url: https://components.espressif.com/
      type: service
    targets:
    - esp32
    - esp32s2
    - esp32s3
    - esp32p4
    version: 1.3.5
  espressif/esp_lcd_touch:
    component_hash: 779b4ba2464a3ae85681e4b860caa5fdc35801458c23f3039ee761bae7f442a4
    dependencies:
    - name: idf
      require: private
      version: '>=4.4.2'
    source:
      registry_url: https://components.espressif.com
      type: service
    version: 1.1.2
  espressif/esp_lcd_touch_ft5x06:
    component_hash: db480213e061f75f0b94254203e251dc9ee1a79b605e150a69c9c89eb2a0b2dc
    dependencies:
    - name: idf
      require: private
      version: '>=5.0'
    - name: espressif/esp_lcd_touch
      registry_url: https://components.espressif.com
      require: private
      version: ^1.0
    source:
      registry_url: https://components.espressif.com/
      type: service
    version: 1.0.0
  idf:
    source:
      type: idf
    version: 5.4.2
direct_dependencies:
- espressif/esp_lcd_st7796
- espressif/esp_lcd_touch_ft5x06
- idf
manifest_hash: 4f1660be36b906e0e05d4f381f0183bb34f16a693649b23d7ed3ecc56abf5779
target: esp32s3
version: 2.0.0
